
Microsoft Visual Studio Solution File, Format Version 12.00
# Visual Studio 15
VisualStudioVersion = 15.0.28010.2048
MinimumVisualStudioVersion = 10.0.40219.1
Project("{FAE04EC0-301F-11D3-BF4B-00C04F79EFBC}") = "univ_hostel", "univ_hostel\univ_hostel.csproj", "{EA281B5A-C1CE-49F1-B7F4-C008257C004A}"
EndProject
Global
	GlobalSection(SolutionConfigurationPlatforms) = preSolution
		Debug|Any CPU = Debug|Any CPU
		Release|Any CPU = Release|Any CPU
	EndGlobalSection
	GlobalSection(ProjectConfigurationPlatforms) = postSolution
		{EA281B5A-C1CE-49F1-B7F4-C008257C004A}.Debug|Any CPU.ActiveCfg = Debug|Any CPU
		{EA281B5A-C1CE-49F1-B7F4-C008257C004A}.Debug|Any CPU.Build.0 = Debug|Any CPU
		{EA281B5A-C1CE-49F1-B7F4-C008257C004A}.Release|Any CPU.ActiveCfg = Release|Any CPU
		{EA281B5A-C1CE-49F1-B7F4-C008257C004A}.Release|Any CPU.Build.0 = Release|Any CPU
	EndGlobalSection
	GlobalSection(SolutionProperties) = preSolution
		HideSolutionNode = FALSE
	EndGlobalSection
	GlobalSection(ExtensibilityGlobals) = postSolution
		SolutionGuid = {5D721C8E-A74E-4E41-BF8B-33B1383AE1F3}
	EndGlobalSection
EndGlobal
